// !$*UTF8*$!
{
	archiveVersion = 1;
	classes = {
	};
	objectVersion = 46;
	objects = {

/* Begin PBXBuildFile section */
		032CDCBA2BE0C05175F7B7C5 /* Pods_Gifer.framework in Frameworks */ = {isa = PBXBuildFile; fileRef = 7C92EC1B735E9E31E45A866E /* Pods_Gifer.framework */; };
		E112B3C51F4C09EF00341E2E /* AddButtonView.swift in Sources */ = {isa = PBXBuildFile; fileRef = E112B3C41F4C09EF00341E2E /* AddButtonView.swift */; };
		E11503E71ECC41D6008BB686 /* AppDelegate.swift in Sources */ = {isa = PBXBuildFile; fileRef = E11503E61ECC41D6008BB686 /* AppDelegate.swift */; };
		E11503EC1ECC41D6008BB686 /* Main.storyboard in Resources */ = {isa = PBXBuildFile; fileRef = E11503EA1ECC41D6008BB686 /* Main.storyboard */; };
		E11503EE1ECC41D6008BB686 /* Assets.xcassets in Resources */ = {isa = PBXBuildFile; fileRef = E11503ED1ECC41D6008BB686 /* Assets.xcassets */; };
		E11503F11ECC41D6008BB686 /* LaunchScreen.storyboard in Resources */ = {isa = PBXBuildFile; fileRef = E11503EF1ECC41D6008BB686 /* LaunchScreen.storyboard */; };
		E12826A21ED4116700262F63 /* GalleryViewController.swift in Sources */ = {isa = PBXBuildFile; fileRef = E12826A11ED4116700262F63 /* GalleryViewController.swift */; };
		E12826A61ED42B4600262F63 /* GalleryCell.swift in Sources */ = {isa = PBXBuildFile; fileRef = E12826A41ED42B4600262F63 /* GalleryCell.swift */; };
		E12826A71ED42B4600262F63 /* GalleryCell.xib in Resources */ = {isa = PBXBuildFile; fileRef = E12826A51ED42B4600262F63 /* GalleryCell.xib */; };
		E12DFDC51ED6CBE5009608E8 /* PhotoViewController.swift in Sources */ = {isa = PBXBuildFile; fileRef = E12DFDC41ED6CBE5009608E8 /* PhotoViewController.swift */; };
		E12DFDCB1ED6D8F1009608E8 /* GifAnimator.swift in Sources */ = {isa = PBXBuildFile; fileRef = E12DFDCA1ED6D8F1009608E8 /* GifAnimator.swift */; };
		E1330BED1EE13A7C0053ABFD /* BaseViewController.swift in Sources */ = {isa = PBXBuildFile; fileRef = E1330BEC1EE13A7C0053ABFD /* BaseViewController.swift */; };
		E1330BEF1EE1488A0053ABFD /* PhotoViewBottomBar.swift in Sources */ = {isa = PBXBuildFile; fileRef = E1330BEE1EE1488A0053ABFD /* PhotoViewBottomBar.swift */; };
		E1333D291ED564D60017C07B /* Photo.swift in Sources */ = {isa = PBXBuildFile; fileRef = E1333D281ED564D60017C07B /* Photo.swift */; };
		E13CACFF1EE50775004D9CAA /* Constants.swift in Sources */ = {isa = PBXBuildFile; fileRef = E13CACFE1EE50775004D9CAA /* Constants.swift */; };
		E13CAD021EE5481A004D9CAA /* NoticeView.swift in Sources */ = {isa = PBXBuildFile; fileRef = E13CAD011EE5481A004D9CAA /* NoticeView.swift */; };
		E13CAD041EE550CA004D9CAA /* NoticeViewManager.swift in Sources */ = {isa = PBXBuildFile; fileRef = E13CAD031EE550CA004D9CAA /* NoticeViewManager.swift */; };
		E171BF8E1EEA45D5001F53E2 /* GifEditViewController.swift in Sources */ = {isa = PBXBuildFile; fileRef = E171BF8D1EEA45D5001F53E2 /* GifEditViewController.swift */; };
		E171BF901EEA7A37001F53E2 /* GifEditViewBottomBar.swift in Sources */ = {isa = PBXBuildFile; fileRef = E171BF8F1EEA7A37001F53E2 /* GifEditViewBottomBar.swift */; };
		E171BF921EEAA196001F53E2 /* GifAchieveViewController.swift in Sources */ = {isa = PBXBuildFile; fileRef = E171BF911EEAA196001F53E2 /* GifAchieveViewController.swift */; };
		E19384D01EEE428800BE84A4 /* UIImage.swift in Sources */ = {isa = PBXBuildFile; fileRef = E19384CF1EEE428800BE84A4 /* UIImage.swift */; };
		E195333A1EE68CF000C23BE2 /* GalleryViewBottomBar.swift in Sources */ = {isa = PBXBuildFile; fileRef = E19533391EE68CF000C23BE2 /* GalleryViewBottomBar.swift */; };
		E195333E1EE6A48D00C23BE2 /* PublicMethod.swift in Sources */ = {isa = PBXBuildFile; fileRef = E195333D1EE6A48D00C23BE2 /* PublicMethod.swift */; };
		E19D661A1EE7E0A8008E29F7 /* NoRecordView.swift in Sources */ = {isa = PBXBuildFile; fileRef = E19D66191EE7E0A8008E29F7 /* NoRecordView.swift */; };
		E19D661C1EE7F2D5008E29F7 /* PhotoPickerViewController.swift in Sources */ = {isa = PBXBuildFile; fileRef = E19D661B1EE7F2D5008E29F7 /* PhotoPickerViewController.swift */; };
		E19D661F1EE7F547008E29F7 /* PhotoPickerCell.swift in Sources */ = {isa = PBXBuildFile; fileRef = E19D661D1EE7F547008E29F7 /* PhotoPickerCell.swift */; };
		E19D66201EE7F547008E29F7 /* PhotoPickerCell.xib in Resources */ = {isa = PBXBuildFile; fileRef = E19D661E1EE7F547008E29F7 /* PhotoPickerCell.xib */; };
		E1A90C121F53B448003EE57C /* ViewRecordTopView.swift in Sources */ = {isa = PBXBuildFile; fileRef = E1A90C111F53B448003EE57C /* ViewRecordTopView.swift */; };
		E1B456621EE00D10009555A6 /* PhotoCell.swift in Sources */ = {isa = PBXBuildFile; fileRef = E1B456611EE00D10009555A6 /* PhotoCell.swift */; };
		E1E37F1D1ED80B67000B4B3F /* GifImageView.swift in Sources */ = {isa = PBXBuildFile; fileRef = E1E37F1C1ED80B67000B4B3F /* GifImageView.swift */; };
		E1E37F1F1ED8107E000B4B3F /* ImageType.swift in Sources */ = {isa = PBXBuildFile; fileRef = E1E37F1E1ED8107E000B4B3F /* ImageType.swift */; };
		E1E51BE21F4D13AD007A2EDB /* CGPoint.swift in Sources */ = {isa = PBXBuildFile; fileRef = E1E51BE11F4D13AD007A2EDB /* CGPoint.swift */; };
		E1E51E9A1F4E6A9C00981D23 /* VideoRecordViewController.swift in Sources */ = {isa = PBXBuildFile; fileRef = E1E51E991F4E6A9C00981D23 /* VideoRecordViewController.swift */; };
		E1F2B4711EF110F8003948EB /* GifEditToolBar.swift in Sources */ = {isa = PBXBuildFile; fileRef = E1F2B4701EF110F8003948EB /* GifEditToolBar.swift */; };
/* End PBXBuildFile section */

/* Begin PBXFileReference section */
		38A99A0D38EDA494E9BAFC9E /* Pods-Gifer.debug.xcconfig */ = {isa = PBXFileReference; includeInIndex = 1; lastKnownFileType = text.xcconfig; name = "Pods-Gifer.debug.xcconfig"; path = "Pods/Target Support Files/Pods-Gifer/Pods-Gifer.debug.xcconfig"; sourceTree = "<group>"; };
		7C92EC1B735E9E31E45A866E /* Pods_Gifer.framework */ = {isa = PBXFileReference; explicitFileType = wrapper.framework; includeInIndex = 0; path = Pods_Gifer.framework; sourceTree = BUILT_PRODUCTS_DIR; };
		A423FAE65CF804E43FD92D8F /* Pods-Gifer.release.xcconfig */ = {isa = PBXFileReference; includeInIndex = 1; lastKnownFileType = text.xcconfig; name = "Pods-Gifer.release.xcconfig"; path = "Pods/Target Support Files/Pods-Gifer/Pods-Gifer.release.xcconfig"; sourceTree = "<group>"; };
		E112B3C41F4C09EF00341E2E /* AddButtonView.swift */ = {isa = PBXFileReference; fileEncoding = 4; lastKnownFileType = sourcecode.swift; path = AddButtonView.swift; sourceTree = "<group>"; };
		E11503E31ECC41D6008BB686 /* Gifer.app */ = {isa = PBXFileReference; explicitFileType = wrapper.application; includeInIndex = 0; path = Gifer.app; sourceTree = BUILT_PRODUCTS_DIR; };
		E11503E61ECC41D6008BB686 /* AppDelegate.swift */ = {isa = PBXFileReference; lastKnownFileType = sourcecode.swift; path = AppDelegate.swift; sourceTree = "<group>"; };
		E11503EB1ECC41D6008BB686 /* Base */ = {isa = PBXFileReference; lastKnownFileType = file.storyboard; name = Base; path = Base.lproj/Main.storyboard; sourceTree = "<group>"; };
		E11503ED1ECC41D6008BB686 /* Assets.xcassets */ = {isa = PBXFileReference; lastKnownFileType = folder.assetcatalog; path = Assets.xcassets; sourceTree = "<group>"; };
		E11503F01ECC41D6008BB686 /* Base */ = {isa = PBXFileReference; lastKnownFileType = file.storyboard; name = Base; path = Base.lproj/LaunchScreen.storyboard; sourceTree = "<group>"; };
		E11503F21ECC41D6008BB686 /* Info.plist */ = {isa = PBXFileReference; lastKnownFileType = text.plist.xml; path = Info.plist; sourceTree = "<group>"; };
		E12826A11ED4116700262F63 /* GalleryViewController.swift */ = {isa = PBXFileReference; fileEncoding = 4; lastKnownFileType = sourcecode.swift; path = GalleryViewController.swift; sourceTree = "<group>"; };
		E12826A41ED42B4600262F63 /* GalleryCell.swift */ = {isa = PBXFileReference; fileEncoding = 4; lastKnownFileType = sourcecode.swift; path = GalleryCell.swift; sourceTree = "<group>"; };
		E12826A51ED42B4600262F63 /* GalleryCell.xib */ = {isa = PBXFileReference; fileEncoding = 4; lastKnownFileType = file.xib; path = GalleryCell.xib; sourceTree = "<group>"; };
		E12DFDC41ED6CBE5009608E8 /* PhotoViewController.swift */ = {isa = PBXFileReference; fileEncoding = 4; lastKnownFileType = sourcecode.swift; path = PhotoViewController.swift; sourceTree = "<group>"; };
		E12DFDCA1ED6D8F1009608E8 /* GifAnimator.swift */ = {isa = PBXFileReference; fileEncoding = 4; lastKnownFileType = sourcecode.swift; path = GifAnimator.swift; sourceTree = "<group>"; };
		E1330BEC1EE13A7C0053ABFD /* BaseViewController.swift */ = {isa = PBXFileReference; fileEncoding = 4; lastKnownFileType = sourcecode.swift; path = BaseViewController.swift; sourceTree = "<group>"; };
		E1330BEE1EE1488A0053ABFD /* PhotoViewBottomBar.swift */ = {isa = PBXFileReference; fileEncoding = 4; lastKnownFileType = sourcecode.swift; path = PhotoViewBottomBar.swift; sourceTree = "<group>"; };
		E1333D281ED564D60017C07B /* Photo.swift */ = {isa = PBXFileReference; fileEncoding = 4; lastKnownFileType = sourcecode.swift; path = Photo.swift; sourceTree = "<group>"; };
		E13CACFE1EE50775004D9CAA /* Constants.swift */ = {isa = PBXFileReference; fileEncoding = 4; lastKnownFileType = sourcecode.swift; path = Constants.swift; sourceTree = "<group>"; };
		E13CAD011EE5481A004D9CAA /* NoticeView.swift */ = {isa = PBXFileReference; fileEncoding = 4; lastKnownFileType = sourcecode.swift; path = NoticeView.swift; sourceTree = "<group>"; };
		E13CAD031EE550CA004D9CAA /* NoticeViewManager.swift */ = {isa = PBXFileReference; fileEncoding = 4; lastKnownFileType = sourcecode.swift; path = NoticeViewManager.swift; sourceTree = "<group>"; };
		E171BF8D1EEA45D5001F53E2 /* GifEditViewController.swift */ = {isa = PBXFileReference; fileEncoding = 4; lastKnownFileType = sourcecode.swift; path = GifEditViewController.swift; sourceTree = "<group>"; };
		E171BF8F1EEA7A37001F53E2 /* GifEditViewBottomBar.swift */ = {isa = PBXFileReference; fileEncoding = 4; lastKnownFileType = sourcecode.swift; path = GifEditViewBottomBar.swift; sourceTree = "<group>"; };
		E171BF911EEAA196001F53E2 /* GifAchieveViewController.swift */ = {isa = PBXFileReference; fileEncoding = 4; lastKnownFileType = sourcecode.swift; path = GifAchieveViewController.swift; sourceTree = "<group>"; };
		E19384CF1EEE428800BE84A4 /* UIImage.swift */ = {isa = PBXFileReference; fileEncoding = 4; lastKnownFileType = sourcecode.swift; path = UIImage.swift; sourceTree = "<group>"; };
		E19533391EE68CF000C23BE2 /* GalleryViewBottomBar.swift */ = {isa = PBXFileReference; fileEncoding = 4; lastKnownFileType = sourcecode.swift; path = GalleryViewBottomBar.swift; sourceTree = "<group>"; };
		E195333D1EE6A48D00C23BE2 /* PublicMethod.swift */ = {isa = PBXFileReference; fileEncoding = 4; lastKnownFileType = sourcecode.swift; path = PublicMethod.swift; sourceTree = "<group>"; };
		E19D66191EE7E0A8008E29F7 /* NoRecordView.swift */ = {isa = PBXFileReference; fileEncoding = 4; lastKnownFileType = sourcecode.swift; path = NoRecordView.swift; sourceTree = "<group>"; };
		E19D661B1EE7F2D5008E29F7 /* PhotoPickerViewController.swift */ = {isa = PBXFileReference; fileEncoding = 4; lastKnownFileType = sourcecode.swift; path = PhotoPickerViewController.swift; sourceTree = "<group>"; };
		E19D661D1EE7F547008E29F7 /* PhotoPickerCell.swift */ = {isa = PBXFileReference; fileEncoding = 4; lastKnownFileType = sourcecode.swift; path = PhotoPickerCell.swift; sourceTree = "<group>"; };
		E19D661E1EE7F547008E29F7 /* PhotoPickerCell.xib */ = {isa = PBXFileReference; fileEncoding = 4; lastKnownFileType = file.xib; path = PhotoPickerCell.xib; sourceTree = "<group>"; };
		E1A90C111F53B448003EE57C /* ViewRecordTopView.swift */ = {isa = PBXFileReference; fileEncoding = 4; lastKnownFileType = sourcecode.swift; path = ViewRecordTopView.swift; sourceTree = "<group>"; };
		E1B456611EE00D10009555A6 /* PhotoCell.swift */ = {isa = PBXFileReference; fileEncoding = 4; lastKnownFileType = sourcecode.swift; path = PhotoCell.swift; sourceTree = "<group>"; };
		E1E37F1C1ED80B67000B4B3F /* GifImageView.swift */ = {isa = PBXFileReference; fileEncoding = 4; lastKnownFileType = sourcecode.swift; path = GifImageView.swift; sourceTree = "<group>"; };
		E1E37F1E1ED8107E000B4B3F /* ImageType.swift */ = {isa = PBXFileReference; fileEncoding = 4; lastKnownFileType = sourcecode.swift; path = ImageType.swift; sourceTree = "<group>"; };
		E1E51BE11F4D13AD007A2EDB /* CGPoint.swift */ = {isa = PBXFileReference; fileEncoding = 4; lastKnownFileType = sourcecode.swift; path = CGPoint.swift; sourceTree = "<group>"; };
		E1E51E991F4E6A9C00981D23 /* VideoRecordViewController.swift */ = {isa = PBXFileReference; fileEncoding = 4; lastKnownFileType = sourcecode.swift; path = VideoRecordViewController.swift; sourceTree = "<group>"; };
		E1F2B4701EF110F8003948EB /* GifEditToolBar.swift */ = {isa = PBXFileReference; fileEncoding = 4; lastKnownFileType = sourcecode.swift; path = GifEditToolBar.swift; sourceTree = "<group>"; };
/* End PBXFileReference section */

/* Begin PBXFrameworksBuildPhase section */
		E11503E01ECC41D6008BB686 /* Frameworks */ = {
			isa = PBXFrameworksBuildPhase;
			buildActionMask = 2147483647;
			files = (
				032CDCBA2BE0C05175F7B7C5 /* Pods_Gifer.framework in Frameworks */,
			);
			runOnlyForDeploymentPostprocessing = 0;
		};
/* End PBXFrameworksBuildPhase section */

/* Begin PBXGroup section */
		ADBD8BDEC2B2D438AA7F34AA /* Frameworks */ = {
			isa = PBXGroup;
			children = (
				7C92EC1B735E9E31E45A866E /* Pods_Gifer.framework */,
			);
			name = Frameworks;
			sourceTree = "<group>";
		};
		DA5F82634D58FA80B3282EFF /* Pods */ = {
			isa = PBXGroup;
			children = (
				38A99A0D38EDA494E9BAFC9E /* Pods-Gifer.debug.xcconfig */,
				A423FAE65CF804E43FD92D8F /* Pods-Gifer.release.xcconfig */,
			);
			name = Pods;
			sourceTree = "<group>";
		};
		E11503DA1ECC41D6008BB686 = {
			isa = PBXGroup;
			children = (
				E11503E51ECC41D6008BB686 /* Gifer */,
				E11503E41ECC41D6008BB686 /* Products */,
				DA5F82634D58FA80B3282EFF /* Pods */,
				ADBD8BDEC2B2D438AA7F34AA /* Frameworks */,
			);
			sourceTree = "<group>";
		};
		E11503E41ECC41D6008BB686 /* Products */ = {
			isa = PBXGroup;
			children = (
				E11503E31ECC41D6008BB686 /* Gifer.app */,
			);
			name = Products;
			sourceTree = "<group>";
		};
		E11503E51ECC41D6008BB686 /* Gifer */ = {
			isa = PBXGroup;
			children = (
				E13CACFD1EE50763004D9CAA /* Resource */,
				E12DFDC81ED6D860009608E8 /* Libs */,
				E1333D271ED5649A0017C07B /* Model */,
				E12826A31ED42AAF00262F63 /* View */,
				E12826901ED3DD3200262F63 /* Controller */,
				E11503E61ECC41D6008BB686 /* AppDelegate.swift */,
				E11503EA1ECC41D6008BB686 /* Main.storyboard */,
				E11503ED1ECC41D6008BB686 /* Assets.xcassets */,
				E11503EF1ECC41D6008BB686 /* LaunchScreen.storyboard */,
				E11503F21ECC41D6008BB686 /* Info.plist */,
			);
			path = Gifer;
			sourceTree = "<group>";
		};
		E12826901ED3DD3200262F63 /* Controller */ = {
			isa = PBXGroup;
			children = (
				E12826A11ED4116700262F63 /* GalleryViewController.swift */,
				E12DFDC41ED6CBE5009608E8 /* PhotoViewController.swift */,
				E19D661B1EE7F2D5008E29F7 /* PhotoPickerViewController.swift */,
				E171BF8D1EEA45D5001F53E2 /* GifEditViewController.swift */,
				E171BF911EEAA196001F53E2 /* GifAchieveViewController.swift */,
				E1E51E991F4E6A9C00981D23 /* VideoRecordViewController.swift */,
			);
			path = Controller;
			sourceTree = "<group>";
		};
		E12826A31ED42AAF00262F63 /* View */ = {
			isa = PBXGroup;
			children = (
				E12826A41ED42B4600262F63 /* GalleryCell.swift */,
				E12826A51ED42B4600262F63 /* GalleryCell.xib */,
				E1B456611EE00D10009555A6 /* PhotoCell.swift */,
				E1330BEE1EE1488A0053ABFD /* PhotoViewBottomBar.swift */,
				E19533391EE68CF000C23BE2 /* GalleryViewBottomBar.swift */,
				E19D66191EE7E0A8008E29F7 /* NoRecordView.swift */,
				E19D661D1EE7F547008E29F7 /* PhotoPickerCell.swift */,
				E19D661E1EE7F547008E29F7 /* PhotoPickerCell.xib */,
				E171BF8F1EEA7A37001F53E2 /* GifEditViewBottomBar.swift */,
				E1F2B4701EF110F8003948EB /* GifEditToolBar.swift */,
				E112B3C41F4C09EF00341E2E /* AddButtonView.swift */,
				E1A90C111F53B448003EE57C /* ViewRecordTopView.swift */,
			);
			path = View;
			sourceTree = "<group>";
		};
		E12DFDC81ED6D860009608E8 /* Libs */ = {
			isa = PBXGroup;
			children = (
				E19384CE1EEE420100BE84A4 /* Category */,
				E195333C1EE6A48D00C23BE2 /* Public */,
				E13CAD001EE547D5004D9CAA /* NoticeView */,
				E1330BEB1EE13A7C0053ABFD /* BaseViewController */,
				E12DFDC91ED6D87C009608E8 /* GifImageView */,
			);
			path = Libs;
			sourceTree = "<group>";
		};
		E12DFDC91ED6D87C009608E8 /* GifImageView */ = {
			isa = PBXGroup;
			children = (
				E12DFDCA1ED6D8F1009608E8 /* GifAnimator.swift */,
				E1E37F1C1ED80B67000B4B3F /* GifImageView.swift */,
				E1E37F1E1ED8107E000B4B3F /* ImageType.swift */,
			);
			path = GifImageView;
			sourceTree = "<group>";
		};
		E1330BEB1EE13A7C0053ABFD /* BaseViewController */ = {
			isa = PBXGroup;
			children = (
				E1330BEC1EE13A7C0053ABFD /* BaseViewController.swift */,
			);
			path = BaseViewController;
			sourceTree = "<group>";
		};
		E1333D271ED5649A0017C07B /* Model */ = {
			isa = PBXGroup;
			children = (
				E1333D281ED564D60017C07B /* Photo.swift */,
			);
			path = Model;
			sourceTree = "<group>";
		};
		E13CACFD1EE50763004D9CAA /* Resource */ = {
			isa = PBXGroup;
			children = (
				E13CACFE1EE50775004D9CAA /* Constants.swift */,
			);
			path = Resource;
			sourceTree = "<group>";
		};
		E13CAD001EE547D5004D9CAA /* NoticeView */ = {
			isa = PBXGroup;
			children = (
				E13CAD011EE5481A004D9CAA /* NoticeView.swift */,
				E13CAD031EE550CA004D9CAA /* NoticeViewManager.swift */,
			);
			path = NoticeView;
			sourceTree = "<group>";
		};
		E19384CE1EEE420100BE84A4 /* Category */ = {
			isa = PBXGroup;
			children = (
				E19384CF1EEE428800BE84A4 /* UIImage.swift */,
				E1E51BE11F4D13AD007A2EDB /* CGPoint.swift */,
			);
			path = Category;
			sourceTree = "<group>";
		};
		E195333C1EE6A48D00C23BE2 /* Public */ = {
			isa = PBXGroup;
			children = (
				E195333D1EE6A48D00C23BE2 /* PublicMethod.swift */,
			);
			path = Public;
			sourceTree = "<group>";
		};
/* End PBXGroup section */

/* Begin PBXNativeTarget section */
		E11503E21ECC41D6008BB686 /* Gifer */ = {
			isa = PBXNativeTarget;
			buildConfigurationList = E11503F51ECC41D6008BB686 /* Build configuration list for PBXNativeTarget "Gifer" */;
			buildPhases = (
				856ABC1EBBFE66BFC1DF3125 /* [CP] Check Pods Manifest.lock */,
				E11503DF1ECC41D6008BB686 /* Sources */,
				E11503E01ECC41D6008BB686 /* Frameworks */,
				E11503E11ECC41D6008BB686 /* Resources */,
				B1DF724B0197E6D6CC503ABC /* [CP] Embed Pods Frameworks */,
				2D4B073AD3442A524661CD88 /* [CP] Copy Pods Resources */,
			);
			buildRules = (
			);
			dependencies = (
			);
			name = Gifer;
			productName = Gifer;
			productReference = E11503E31ECC41D6008BB686 /* Gifer.app */;
			productType = "com.apple.product-type.application";
		};
/* End PBXNativeTarget section */

/* Begin PBXProject section */
		E11503DB1ECC41D6008BB686 /* Project object */ = {
			isa = PBXProject;
			attributes = {
				LastSwiftUpdateCheck = 0830;
				LastUpgradeCheck = 0830;
				ORGANIZATIONNAME = LXY;
				TargetAttributes = {
					E11503E21ECC41D6008BB686 = {
						CreatedOnToolsVersion = 8.3.2;
						DevelopmentTeam = NU947442EY;
						ProvisioningStyle = Automatic;
					};
				};
			};
			buildConfigurationList = E11503DE1ECC41D6008BB686 /* Build configuration list for PBXProject "Gifer" */;
			compatibilityVersion = "Xcode 3.2";
			developmentRegion = English;
			hasScannedForEncodings = 0;
			knownRegions = (
				en,
				Base,
			);
			mainGroup = E11503DA1ECC41D6008BB686;
			productRefGroup = E11503E41ECC41D6008BB686 /* Products */;
			projectDirPath = "";
			projectRoot = "";
			targets = (
				E11503E21ECC41D6008BB686 /* Gifer */,
			);
		};
/* End PBXProject section */

/* Begin PBXResourcesBuildPhase section */
		E11503E11ECC41D6008BB686 /* Resources */ = {
			isa = PBXResourcesBuildPhase;
			buildActionMask = 2147483647;
			files = (
				E12826A71ED42B4600262F63 /* GalleryCell.xib in Resources */,
				E11503F11ECC41D6008BB686 /* LaunchScreen.storyboard in Resources */,
				E11503EE1ECC41D6008BB686 /* Assets.xcassets in Resources */,
				E19D66201EE7F547008E29F7 /* PhotoPickerCell.xib in Resources */,
				E11503EC1ECC41D6008BB686 /* Main.storyboard in Resources */,
			);
			runOnlyForDeploymentPostprocessing = 0;
		};
/* End PBXResourcesBuildPhase section */

/* Begin PBXShellScriptBuildPhase section */
		2D4B073AD3442A524661CD88 /* [CP] Copy Pods Resources */ = {
			isa = PBXShellScriptBuildPhase;
			buildActionMask = 2147483647;
			files = (
			);
			inputPaths = (
			);
			name = "[CP] Copy Pods Resources";
			outputPaths = (
			);
			runOnlyForDeploymentPostprocessing = 0;
			shellPath = /bin/sh;
			shellScript = "\"${SRCROOT}/Pods/Target Support Files/Pods-Gifer/Pods-Gifer-resources.sh\"\n";
			showEnvVarsInLog = 0;
		};
		856ABC1EBBFE66BFC1DF3125 /* [CP] Check Pods Manifest.lock */ = {
			isa = PBXShellScriptBuildPhase;
			buildActionMask = 2147483647;
			files = (
			);
			inputPaths = (
			);
			name = "[CP] Check Pods Manifest.lock";
			outputPaths = (
			);
			runOnlyForDeploymentPostprocessing = 0;
			shellPath = /bin/sh;
			shellScript = "diff \"${PODS_ROOT}/../Podfile.lock\" \"${PODS_ROOT}/Manifest.lock\" > /dev/null\nif [ $? != 0 ] ; then\n    # print error to STDERR\n    echo \"error: The sandbox is not in sync with the Podfile.lock. Run 'pod install' or update your CocoaPods installation.\" >&2\n    exit 1\nfi\n";
			showEnvVarsInLog = 0;
		};
		B1DF724B0197E6D6CC503ABC /* [CP] Embed Pods Frameworks */ = {
			isa = PBXShellScriptBuildPhase;
			buildActionMask = 2147483647;
			files = (
			);
			inputPaths = (
			);
			name = "[CP] Embed Pods Frameworks";
			outputPaths = (
			);
			runOnlyForDeploymentPostprocessing = 0;
			shellPath = /bin/sh;
			shellScript = "\"${SRCROOT}/Pods/Target Support Files/Pods-Gifer/Pods-Gifer-frameworks.sh\"\n";
			showEnvVarsInLog = 0;
		};
/* End PBXShellScriptBuildPhase section */

/* Begin PBXSourcesBuildPhase section */
		E11503DF1ECC41D6008BB686 /* Sources */ = {
			isa = PBXSourcesBuildPhase;
			buildActionMask = 2147483647;
			files = (
				E12826A61ED42B4600262F63 /* GalleryCell.swift in Sources */,
				E19D661A1EE7E0A8008E29F7 /* NoRecordView.swift in Sources */,
				E1A90C121F53B448003EE57C /* ViewRecordTopView.swift in Sources */,
				E171BF921EEAA196001F53E2 /* GifAchieveViewController.swift in Sources */,
				E112B3C51F4C09EF00341E2E /* AddButtonView.swift in Sources */,
				E1E37F1D1ED80B67000B4B3F /* GifImageView.swift in Sources */,
				E1E51E9A1F4E6A9C00981D23 /* VideoRecordViewController.swift in Sources */,
				E1330BEF1EE1488A0053ABFD /* PhotoViewBottomBar.swift in Sources */,
				E171BF901EEA7A37001F53E2 /* GifEditViewBottomBar.swift in Sources */,
				E19D661F1EE7F547008E29F7 /* PhotoPickerCell.swift in Sources */,
				E1330BED1EE13A7C0053ABFD /* BaseViewController.swift in Sources */,
				E12DFDCB1ED6D8F1009608E8 /* GifAnimator.swift in Sources */,
				E19384D01EEE428800BE84A4 /* UIImage.swift in Sources */,
				E13CAD041EE550CA004D9CAA /* NoticeViewManager.swift in Sources */,
				E13CAD021EE5481A004D9CAA /* NoticeView.swift in Sources */,
				E12826A21ED4116700262F63 /* GalleryViewController.swift in Sources */,
				E19D661C1EE7F2D5008E29F7 /* PhotoPickerViewController.swift in Sources */,
				E1F2B4711EF110F8003948EB /* GifEditToolBar.swift in Sources */,
				E13CACFF1EE50775004D9CAA /* Constants.swift in Sources */,
				E195333E1EE6A48D00C23BE2 /* PublicMethod.swift in Sources */,
				E171BF8E1EEA45D5001F53E2 /* GifEditViewController.swift in Sources */,
				E195333A1EE68CF000C23BE2 /* GalleryViewBottomBar.swift in Sources */,
				E1E51BE21F4D13AD007A2EDB /* CGPoint.swift in Sources */,
				E11503E71ECC41D6008BB686 /* AppDelegate.swift in Sources */,
				E1B456621EE00D10009555A6 /* PhotoCell.swift in Sources */,
				E1333D291ED564D60017C07B /* Photo.swift in Sources */,
				E1E37F1F1ED8107E000B4B3F /* ImageType.swift in Sources */,
				E12DFDC51ED6CBE5009608E8 /* PhotoViewController.swift in Sources */,
			);
			runOnlyForDeploymentPostprocessing = 0;
		};
/* End PBXSourcesBuildPhase section */

/* Begin PBXVariantGroup section */
		E11503EA1ECC41D6008BB686 /* Main.storyboard */ = {
			isa = PBXVariantGroup;
			children = (
				E11503EB1ECC41D6008BB686 /* Base */,
			);
			name = Main.storyboard;
			sourceTree = "<group>";
		};
		E11503EF1ECC41D6008BB686 /* LaunchScreen.storyboard */ = {
			isa = PBXVariantGroup;
			children = (
				E11503F01ECC41D6008BB686 /* Base */,
			);
			name = LaunchScreen.storyboard;
			sourceTree = "<group>";
		};
/* End PBXVariantGroup section */

/* Begin XCBuildConfiguration section */
		E11503F31ECC41D6008BB686 /* Debug */ = {
			isa = XCBuildConfiguration;
			buildSettings = {
				ALWAYS_SEARCH_USER_PATHS = NO;
				CLANG_ANALYZER_NONNULL = YES;
				CLANG_ANALYZER_NUMBER_OBJECT_CONVERSION = YES_AGGRESSIVE;
				CLANG_CXX_LANGUAGE_STANDARD = "gnu++0x";
				CLANG_CXX_LIBRARY = "libc++";
				CLANG_ENABLE_MODULES = YES;
				CLANG_ENABLE_OBJC_ARC = YES;
				CLANG_WARN_BOOL_CONVERSION = YES;
				CLANG_WARN_CONSTANT_CONVERSION = YES;
				CLANG_WARN_DIRECT_OBJC_ISA_USAGE = YES_ERROR;
				CLANG_WARN_DOCUMENTATION_COMMENTS = YES;
				CLANG_WARN_EMPTY_BODY = YES;
				CLANG_WARN_ENUM_CONVERSION = YES;
				CLANG_WARN_INFINITE_RECURSION = YES;
				CLANG_WARN_INT_CONVERSION = YES;
				CLANG_WARN_OBJC_ROOT_CLASS = YES_ERROR;
				CLANG_WARN_SUSPICIOUS_MOVE = YES;
				CLANG_WARN_UNREACHABLE_CODE = YES;
				CLANG_WARN__DUPLICATE_METHOD_MATCH = YES;
				"CODE_SIGN_IDENTITY[sdk=iphoneos*]" = "iPhone Developer";
				COPY_PHASE_STRIP = NO;
				DEBUG_INFORMATION_FORMAT = dwarf;
				ENABLE_STRICT_OBJC_MSGSEND = YES;
				ENABLE_TESTABILITY = YES;
				GCC_C_LANGUAGE_STANDARD = gnu99;
				GCC_DYNAMIC_NO_PIC = NO;
				GCC_NO_COMMON_BLOCKS = YES;
				GCC_OPTIMIZATION_LEVEL = 0;
				GCC_PREPROCESSOR_DEFINITIONS = (
					"DEBUG=1",
					"$(inherited)",
				);
				GCC_WARN_64_TO_32_BIT_CONVERSION = YES;
				GCC_WARN_ABOUT_RETURN_TYPE = YES_ERROR;
				GCC_WARN_UNDECLARED_SELECTOR = YES;
				GCC_WARN_UNINITIALIZED_AUTOS = YES_AGGRESSIVE;
				GCC_WARN_UNUSED_FUNCTION = YES;
				GCC_WARN_UNUSED_VARIABLE = YES;
				IPHONEOS_DEPLOYMENT_TARGET = 10.3;
				MTL_ENABLE_DEBUG_INFO = YES;
				ONLY_ACTIVE_ARCH = YES;
				SDKROOT = iphoneos;
				SWIFT_ACTIVE_COMPILATION_CONDITIONS = DEBUG;
				SWIFT_OPTIMIZATION_LEVEL = "-Onone";
			};
			name = Debug;
		};
		E11503F41ECC41D6008BB686 /* Release */ = {
			isa = XCBuildConfiguration;
			buildSettings = {
				ALWAYS_SEARCH_USER_PATHS = NO;
				CLANG_ANALYZER_NONNULL = YES;
				CLANG_ANALYZER_NUMBER_OBJECT_CONVERSION = YES_AGGRESSIVE;
				CLANG_CXX_LANGUAGE_STANDARD = "gnu++0x";
				CLANG_CXX_LIBRARY = "libc++";
				CLANG_ENABLE_MODULES = YES;
				CLANG_ENABLE_OBJC_ARC = YES;
				CLANG_WARN_BOOL_CONVERSION = YES;
				CLANG_WARN_CONSTANT_CONVERSION = YES;
				CLANG_WARN_DIRECT_OBJC_ISA_USAGE = YES_ERROR;
				CLANG_WARN_DOCUMENTATION_COMMENTS = YES;
				CLANG_WARN_EMPTY_BODY = YES;
				CLANG_WARN_ENUM_CONVERSION = YES;
				CLANG_WARN_INFINITE_RECURSION = YES;
				CLANG_WARN_INT_CONVERSION = YES;
				CLANG_WARN_OBJC_ROOT_CLASS = YES_ERROR;
				CLANG_WARN_SUSPICIOUS_MOVE = YES;
				CLANG_WARN_UNREACHABLE_CODE = YES;
				CLANG_WARN__DUPLICATE_METHOD_MATCH = YES;
				"CODE_SIGN_IDENTITY[sdk=iphoneos*]" = "iPhone Developer";
				COPY_PHASE_STRIP = NO;
				DEBUG_INFORMATION_FORMAT = "dwarf-with-dsym";
				ENABLE_NS_ASSERTIONS = NO;
				ENABLE_STRICT_OBJC_MSGSEND = YES;
				GCC_C_LANGUAGE_STANDARD = gnu99;
				GCC_NO_COMMON_BLOCKS = YES;
				GCC_WARN_64_TO_32_BIT_CONVERSION = YES;
				GCC_WARN_ABOUT_RETURN_TYPE = YES_ERROR;
				GCC_WARN_UNDECLARED_SELECTOR = YES;
				GCC_WARN_UNINITIALIZED_AUTOS = YES_AGGRESSIVE;
				GCC_WARN_UNUSED_FUNCTION = YES;
				GCC_WARN_UNUSED_VARIABLE = YES;
				IPHONEOS_DEPLOYMENT_TARGET = 10.3;
				MTL_ENABLE_DEBUG_INFO = NO;
				SDKROOT = iphoneos;
				SWIFT_OPTIMIZATION_LEVEL = "-Owholemodule";
				VALIDATE_PRODUCT = YES;
			};
			name = Release;
		};
		E11503F61ECC41D6008BB686 /* Debug */ = {
			isa = XCBuildConfiguration;
			baseConfigurationReference = 38A99A0D38EDA494E9BAFC9E /* Pods-Gifer.debug.xcconfig */;
			buildSettings = {
				ASSETCATALOG_COMPILER_APPICON_NAME = AppIcon;
				DEVELOPMENT_TEAM = NU947442EY;
				INFOPLIST_FILE = Gifer/Info.plist;
				LD_RUNPATH_SEARCH_PATHS = "$(inherited) @executable_path/Frameworks";
				PRODUCT_BUNDLE_IDENTIFIER = com.ztesoft.Gifer;
				PRODUCT_NAME = "$(TARGET_NAME)";
				SWIFT_VERSION = 3.0;
			};
			name = Debug;
		};
		E11503F71ECC41D6008BB686 /* Release */ = {
			isa = XCBuildConfiguration;
			baseConfigurationReference = A423FAE65CF804E43FD92D8F /* Pods-Gifer.release.xcconfig */;
			buildSettings = {
				ASSETCATALOG_COMPILER_APPICON_NAME = AppIcon;
				DEVELOPMENT_TEAM = NU947442EY;
				INFOPLIST_FILE = Gifer/Info.plist;
				LD_RUNPATH_SEARCH_PATHS = "$(inherited) @executable_path/Frameworks";
				PRODUCT_BUNDLE_IDENTIFIER = com.ztesoft.Gifer;
				PRODUCT_NAME = "$(TARGET_NAME)";
				SWIFT_VERSION = 3.0;
			};
			name = Release;
		};
/* End XCBuildConfiguration section */

/* Begin XCConfigurationList section */
		E11503DE1ECC41D6008BB686 /* Build configuration list for PBXProject "Gifer" */ = {
			isa = XCConfigurationList;
			buildConfigurations = (
				E11503F31ECC41D6008BB686 /* Debug */,
				E11503F41ECC41D6008BB686 /* Release */,
			);
			defaultConfigurationIsVisible = 0;
			defaultConfigurationName = Release;
		};
		E11503F51ECC41D6008BB686 /* Build configuration list for PBXNativeTarget "Gifer" */ = {
			isa = XCConfigurationList;
			buildConfigurations = (
				E11503F61ECC41D6008BB686 /* Debug */,
				E11503F71ECC41D6008BB686 /* Release */,
			);
			defaultConfigurationIsVisible = 0;
			defaultConfigurationName = Release;
		};
/* End XCConfigurationList section */
	};
	rootObject = E11503DB1ECC41D6008BB686 /* Project object */;
}
